{
  "name": "sks-utils",
  "version": "1.0.1",
  "lockfileVersion": 1,
  "requires": true,
  "dependencies": {
    "flow-bin": {
      "version": "0.78.0",
      "resolved": "https://registry.npmjs.org/flow-bin/-/flow-bin-0.78.0.tgz",
      "integrity": "sha512-LV55tE+ItkC9HQAbEK+VxpBe54Ryp/dj4q9KmqDIfhV7mtP+hbvc/1AUf/AaWFIve3eURO0cxoGN4ZQQ3o2HTg=="
    }
  }
}
